
Microsoft Visual Studio Solution File, Format Version 12.00
# Visual Studio Version 17
VisualStudioVersion = 17.7.34202.233
MinimumVisualStudioVersion = 10.0.40219.1
Project("{FAE04EC0-301F-11D3-BF4B-00C04F79EFBC}") = "Proje_4", "Proje_4\Proje_4.csproj", "{654845A1-8A53-43F8-962E-761EF5DE4962}"
EndProject
Global
	GlobalSection(SolutionConfigurationPlatforms) = preSolution
		Debug|Any CPU = Debug|Any CPU
		Release|Any CPU = Release|Any CPU
	EndGlobalSection
	GlobalSection(ProjectConfigurationPlatforms) = postSolution
		{654845A1-8A53-43F8-962E-761EF5DE4962}.Debug|Any CPU.ActiveCfg = Debug|Any CPU
		{654845A1-8A53-43F8-962E-761EF5DE4962}.Debug|Any CPU.Build.0 = Debug|Any CPU
		{654845A1-8A53-43F8-962E-761EF5DE4962}.Release|Any CPU.ActiveCfg = Release|Any CPU
		{654845A1-8A53-43F8-962E-761EF5DE4962}.Release|Any CPU.Build.0 = Release|Any CPU
	EndGlobalSection
	GlobalSection(SolutionProperties) = preSolution
		HideSolutionNode = FALSE
	EndGlobalSection
	GlobalSection(ExtensibilityGlobals) = postSolution
		SolutionGuid = {DB085809-AC8E-4894-8FE1-E2955C1B92C0}
	EndGlobalSection
EndGlobal
